
Microsoft Visual Studio Solution File, Format Version 12.00
# Visual Studio Version 17
VisualStudioVersion = 17.6.33801.468
MinimumVisualStudioVersion = 10.0.40219.1
Project("{FAE04EC0-301F-11D3-BF4B-00C04F79EFBC}") = "WepApi", "WepApi\WepApi.csproj", "{9FAC63F5-1330-4F6E-ACBE-749C2662B40A}"
EndProject
Global
	GlobalSection(SolutionConfigurationPlatforms) = preSolution
		Debug|Any CPU = Debug|Any CPU
		Release|Any CPU = Release|Any CPU
	EndGlobalSection
	GlobalSection(ProjectConfigurationPlatforms) = postSolution
		{9FAC63F5-1330-4F6E-ACBE-749C2662B40A}.Debug|Any CPU.ActiveCfg = Debug|Any CPU
		{9FAC63F5-1330-4F6E-ACBE-749C2662B40A}.Debug|Any CPU.Build.0 = Debug|Any CPU
		{9FAC63F5-1330-4F6E-ACBE-749C2662B40A}.Release|Any CPU.ActiveCfg = Release|Any CPU
		{9FAC63F5-1330-4F6E-ACBE-749C2662B40A}.Release|Any CPU.Build.0 = Release|Any CPU
	EndGlobalSection
	GlobalSection(SolutionProperties) = preSolution
		HideSolutionNode = FALSE
	EndGlobalSection
	GlobalSection(ExtensibilityGlobals) = postSolution
		SolutionGuid = {421F937D-7C3B-4D92-80F5-ADFE00F3886D}
	EndGlobalSection
EndGlobal
